// !$*UTF8*$!
{
	archiveVersion = 1;
	classes = {
	};
	objectVersion = 56;
	objects = {

/* Begin PBXBuildFile section */
		5218F3692C8735D5004F2BAF /* OrderRowView.swift in Sources */ = {isa = PBXBuildFile; fileRef = 522511272C6D634100823B70 /* OrderRowView.swift */; };
		5218F36B2C8735DD004F2BAF /* MenuItemView.swift in Sources */ = {isa = PBXBuildFile; fileRef = 522511212C6D62CA00823B70 /* MenuItemView.swift */; };
		5218F36C2C8735E1004F2BAF /* MenuView.swift in Sources */ = {isa = PBXBuildFile; fileRef = 5225112F2C6D6B6500823B70 /* MenuView.swift */; };
		5218F36D2C8735E4004F2BAF /* MenuRowView.swift in Sources */ = {isa = PBXBuildFile; fileRef = 522511252C6D632900823B70 /* MenuRowView.swift */; };
		5218F36E2C8735EA004F2BAF /* HeaderRowView.swift in Sources */ = {isa = PBXBuildFile; fileRef = 522511292C6D637400823B70 /* HeaderRowView.swift */; };
		5218F36F2C8735F2004F2BAF /* HeaderView.swift in Sources */ = {isa = PBXBuildFile; fileRef = 5225112B2C6D66F700823B70 /* HeaderView.swift */; };
		5218F3702C8735F5004F2BAF /* HuliPizzaSwiftUIApp.swift in Sources */ = {isa = PBXBuildFile; fileRef = 522510F12C6CE73600823B70 /* HuliPizzaSwiftUIApp.swift */; };
		5218F3712C8735F9004F2BAF /* OrderListScreen.swift in Sources */ = {isa = PBXBuildFile; fileRef = 522510F32C6CE73600823B70 /* OrderListScreen.swift */; };
		5218F3742C8741D8004F2BAF /* RatingsView.swift in Sources */ = {isa = PBXBuildFile; fileRef = 5218F3732C8741D8004F2BAF /* RatingsView.swift */; };
		5218F3752C8741D8004F2BAF /* RatingsView.swift in Sources */ = {isa = PBXBuildFile; fileRef = 5218F3732C8741D8004F2BAF /* RatingsView.swift */; };
		5218F37B2C8777A9004F2BAF /* MenuModel.swift in Sources */ = {isa = PBXBuildFile; fileRef = 5218F3772C8777A9004F2BAF /* MenuModel.swift */; };
		5218F37C2C8777A9004F2BAF /* MenuModel.swift in Sources */ = {isa = PBXBuildFile; fileRef = 5218F3772C8777A9004F2BAF /* MenuModel.swift */; };
		5218F37D2C8777A9004F2BAF /* MenuItem.swift in Sources */ = {isa = PBXBuildFile; fileRef = 5218F3782C8777A9004F2BAF /* MenuItem.swift */; };
		5218F37E2C8777A9004F2BAF /* MenuItem.swift in Sources */ = {isa = PBXBuildFile; fileRef = 5218F3782C8777A9004F2BAF /* MenuItem.swift */; };
		5218F37F2C8777A9004F2BAF /* OrderModel.swift in Sources */ = {isa = PBXBuildFile; fileRef = 5218F3792C8777A9004F2BAF /* OrderModel.swift */; };
		5218F3802C8777A9004F2BAF /* OrderModel.swift in Sources */ = {isa = PBXBuildFile; fileRef = 5218F3792C8777A9004F2BAF /* OrderModel.swift */; };
		5218F3812C8777A9004F2BAF /* OrderItem.swift in Sources */ = {isa = PBXBuildFile; fileRef = 5218F37A2C8777A9004F2BAF /* OrderItem.swift */; };
		5218F3822C8777A9004F2BAF /* OrderItem.swift in Sources */ = {isa = PBXBuildFile; fileRef = 5218F37A2C8777A9004F2BAF /* OrderItem.swift */; };
		522510F22C6CE73600823B70 /* HuliPizzaSwiftUIApp.swift in Sources */ = {isa = PBXBuildFile; fileRef = 522510F12C6CE73600823B70 /* HuliPizzaSwiftUIApp.swift */; };
		522510F42C6CE73600823B70 /* OrderListScreen.swift in Sources */ = {isa = PBXBuildFile; fileRef = 522510F32C6CE73600823B70 /* OrderListScreen.swift */; };
		522510F62C6CE73800823B70 /* Assets.xcassets in Resources */ = {isa = PBXBuildFile; fileRef = 522510F52C6CE73800823B70 /* Assets.xcassets */; };
		522510F92C6CE73800823B70 /* Preview Assets.xcassets in Resources */ = {isa = PBXBuildFile; fileRef = 522510F82C6CE73800823B70 /* Preview Assets.xcassets */; };
		522511032C6CE73800823B70 /* HuliPizzaSwiftUITests.swift in Sources */ = {isa = PBXBuildFile; fileRef = 522511022C6CE73800823B70 /* HuliPizzaSwiftUITests.swift */; };
		5225110D2C6CE73800823B70 /* HuliPizzaSwiftUIUITests.swift in Sources */ = {isa = PBXBuildFile; fileRef = 5225110C2C6CE73800823B70 /* HuliPizzaSwiftUIUITests.swift */; };
		5225110F2C6CE73800823B70 /* HuliPizzaSwiftUIUITestsLaunchTests.swift in Sources */ = {isa = PBXBuildFile; fileRef = 5225110E2C6CE73800823B70 /* HuliPizzaSwiftUIUITestsLaunchTests.swift */; };
		5225111C2C6D2A3400823B70 /* README.md in Resources */ = {isa = PBXBuildFile; fileRef = 5225111B2C6D2A3300823B70 /* README.md */; };
		522511222C6D62CA00823B70 /* MenuItemView.swift in Sources */ = {isa = PBXBuildFile; fileRef = 522511212C6D62CA00823B70 /* MenuItemView.swift */; };
		522511262C6D632900823B70 /* MenuRowView.swift in Sources */ = {isa = PBXBuildFile; fileRef = 522511252C6D632900823B70 /* MenuRowView.swift */; };
		522511282C6D634100823B70 /* OrderRowView.swift in Sources */ = {isa = PBXBuildFile; fileRef = 522511272C6D634100823B70 /* OrderRowView.swift */; };
		5225112A2C6D637400823B70 /* HeaderRowView.swift in Sources */ = {isa = PBXBuildFile; fileRef = 522511292C6D637400823B70 /* HeaderRowView.swift */; };
		5225112C2C6D66F700823B70 /* HeaderView.swift in Sources */ = {isa = PBXBuildFile; fileRef = 5225112B2C6D66F700823B70 /* HeaderView.swift */; };
		5225112E2C6D694700823B70 /* OrderView.swift in Sources */ = {isa = PBXBuildFile; fileRef = 5225112D2C6D694700823B70 /* OrderView.swift */; };
		522511302C6D6B6500823B70 /* MenuView.swift in Sources */ = {isa = PBXBuildFile; fileRef = 5225112F2C6D6B6500823B70 /* MenuView.swift */; };
		52C0BB702C873576004B17FD /* OrderView.swift in Sources */ = {isa = PBXBuildFile; fileRef = 5225112D2C6D694700823B70 /* OrderView.swift */; };
/* End PBXBuildFile section */

/* Begin PBXContainerItemProxy section */
		522510FF2C6CE73800823B70 /* PBXContainerItemProxy */ = {
			isa = PBXContainerItemProxy;
			containerPortal = 522510E62C6CE73600823B70 /* Project object */;
			proxyType = 1;
			remoteGlobalIDString = 522510ED2C6CE73600823B70;
			remoteInfo = HuliPizzaSwiftUI;
		};
		522511092C6CE73800823B70 /* PBXContainerItemProxy */ = {
			isa = PBXContainerItemProxy;
			containerPortal = 522510E62C6CE73600823B70 /* Project object */;
			proxyType = 1;
			remoteGlobalIDString = 522510ED2C6CE73600823B70;
			remoteInfo = HuliPizzaSwiftUI;
		};
/* End PBXContainerItemProxy section */

/* Begin PBXFileReference section */
		5218F3732C8741D8004F2BAF /* RatingsView.swift */ = {isa = PBXFileReference; lastKnownFileType = sourcecode.swift; path = RatingsView.swift; sourceTree = "<group>"; };
		5218F3772C8777A9004F2BAF /* MenuModel.swift */ = {isa = PBXFileReference; fileEncoding = 4; lastKnownFileType = sourcecode.swift; path = MenuModel.swift; sourceTree = "<group>"; };
		5218F3782C8777A9004F2BAF /* MenuItem.swift */ = {isa = PBXFileReference; fileEncoding = 4; lastKnownFileType = sourcecode.swift; path = MenuItem.swift; sourceTree = "<group>"; };
		5218F3792C8777A9004F2BAF /* OrderModel.swift */ = {isa = PBXFileReference; fileEncoding = 4; lastKnownFileType = sourcecode.swift; path = OrderModel.swift; sourceTree = "<group>"; };
		5218F37A2C8777A9004F2BAF /* OrderItem.swift */ = {isa = PBXFileReference; fileEncoding = 4; lastKnownFileType = sourcecode.swift; path = OrderItem.swift; sourceTree = "<group>"; };
		522510EE2C6CE73600823B70 /* HuliPizzaSwiftUI.app */ = {isa = PBXFileReference; explicitFileType = wrapper.application; includeInIndex = 0; path = HuliPizzaSwiftUI.app; sourceTree = BUILT_PRODUCTS_DIR; };
		522510F12C6CE73600823B70 /* HuliPizzaSwiftUIApp.swift */ = {isa = PBXFileReference; lastKnownFileType = sourcecode.swift; path = HuliPizzaSwiftUIApp.swift; sourceTree = "<group>"; };
		522510F32C6CE73600823B70 /* OrderListScreen.swift */ = {isa = PBXFileReference; lastKnownFileType = sourcecode.swift; path = OrderListScreen.swift; sourceTree = "<group>"; };
		522510F52C6CE73800823B70 /* Assets.xcassets */ = {isa = PBXFileReference; lastKnownFileType = folder.assetcatalog; path = Assets.xcassets; sourceTree = "<group>"; };
		522510F82C6CE73800823B70 /* Preview Assets.xcassets */ = {isa = PBXFileReference; lastKnownFileType = folder.assetcatalog; path = "Preview Assets.xcassets"; sourceTree = "<group>"; };
		522510FE2C6CE73800823B70 /* HuliPizzaSwiftUITests.xctest */ = {isa = PBXFileReference; explicitFileType = wrapper.cfbundle; includeInIndex = 0; path = HuliPizzaSwiftUITests.xctest; sourceTree = BUILT_PRODUCTS_DIR; };
		522511022C6CE73800823B70 /* HuliPizzaSwiftUITests.swift */ = {isa = PBXFileReference; lastKnownFileType = sourcecode.swift; path = HuliPizzaSwiftUITests.swift; sourceTree = "<group>"; };
		522511082C6CE73800823B70 /* HuliPizzaSwiftUIUITests.xctest */ = {isa = PBXFileReference; explicitFileType = wrapper.cfbundle; includeInIndex = 0; path = HuliPizzaSwiftUIUITests.xctest; sourceTree = BUILT_PRODUCTS_DIR; };
		5225110C2C6CE73800823B70 /* HuliPizzaSwiftUIUITests.swift */ = {isa = PBXFileReference; lastKnownFileType = sourcecode.swift; path = HuliPizzaSwiftUIUITests.swift; sourceTree = "<group>"; };
		5225110E2C6CE73800823B70 /* HuliPizzaSwiftUIUITestsLaunchTests.swift */ = {isa = PBXFileReference; lastKnownFileType = sourcecode.swift; path = HuliPizzaSwiftUIUITestsLaunchTests.swift; sourceTree = "<group>"; };
		5225111B2C6D2A3300823B70 /* README.md */ = {isa = PBXFileReference; fileEncoding = 4; lastKnownFileType = net.daringfireball.markdown; path = README.md; sourceTree = "<group>"; };
		522511212C6D62CA00823B70 /* MenuItemView.swift */ = {isa = PBXFileReference; lastKnownFileType = sourcecode.swift; path = MenuItemView.swift; sourceTree = "<group>"; };
		522511252C6D632900823B70 /* MenuRowView.swift */ = {isa = PBXFileReference; lastKnownFileType = sourcecode.swift; path = MenuRowView.swift; sourceTree = "<group>"; };
		522511272C6D634100823B70 /* OrderRowView.swift */ = {isa = PBXFileReference; lastKnownFileType = sourcecode.swift; path = OrderRowView.swift; sourceTree = "<group>"; };
		522511292C6D637400823B70 /* HeaderRowView.swift */ = {isa = PBXFileReference; lastKnownFileType = sourcecode.swift; path = HeaderRowView.swift; sourceTree = "<group>"; };
		5225112B2C6D66F700823B70 /* HeaderView.swift */ = {isa = PBXFileReference; lastKnownFileType = sourcecode.swift; path = HeaderView.swift; sourceTree = "<group>"; };
		5225112D2C6D694700823B70 /* OrderView.swift */ = {isa = PBXFileReference; lastKnownFileType = sourcecode.swift; path = OrderView.swift; sourceTree = "<group>"; };
		5225112F2C6D6B6500823B70 /* MenuView.swift */ = {isa = PBXFileReference; lastKnownFileType = sourcecode.swift; path = MenuView.swift; sourceTree = "<group>"; };
/* End PBXFileReference section */

/* Begin PBXFrameworksBuildPhase section */
		522510EB2C6CE73600823B70 /* Frameworks */ = {
			isa = PBXFrameworksBuildPhase;
			buildActionMask = 2147483647;
			files = (
			);
			runOnlyForDeploymentPostprocessing = 0;
		};
		522510FB2C6CE73800823B70 /* Frameworks */ = {
			isa = PBXFrameworksBuildPhase;
			buildActionMask = 2147483647;
			files = (
			);
			runOnlyForDeploymentPostprocessing = 0;
		};
		522511052C6CE73800823B70 /* Frameworks */ = {
			isa = PBXFrameworksBuildPhase;
			buildActionMask = 2147483647;
			files = (
			);
			runOnlyForDeploymentPostprocessing = 0;
		};
/* End PBXFrameworksBuildPhase section */

/* Begin PBXGroup section */
		5218F3722C8741B9004F2BAF /* Ratings */ = {
			isa = PBXGroup;
			children = (
				5218F3732C8741D8004F2BAF /* RatingsView.swift */,
			);
			path = Ratings;
			sourceTree = "<group>";
		};
		5218F3762C877796004F2BAF /* Models */ = {
			isa = PBXGroup;
			children = (
				5218F3782C8777A9004F2BAF /* MenuItem.swift */,
				5218F3772C8777A9004F2BAF /* MenuModel.swift */,
				5218F37A2C8777A9004F2BAF /* OrderItem.swift */,
				5218F3792C8777A9004F2BAF /* OrderModel.swift */,
			);
			path = Models;
			sourceTree = "<group>";
		};
		522510E52C6CE73600823B70 = {
			isa = PBXGroup;
			children = (
				5225111B2C6D2A3300823B70 /* README.md */,
				522510F02C6CE73600823B70 /* HuliPizzaSwiftUI */,
				522511012C6CE73800823B70 /* HuliPizzaSwiftUITests */,
				5225110B2C6CE73800823B70 /* HuliPizzaSwiftUIUITests */,
				522510EF2C6CE73600823B70 /* Products */,
			);
			sourceTree = "<group>";
		};
		522510EF2C6CE73600823B70 /* Products */ = {
			isa = PBXGroup;
			children = (
				522510EE2C6CE73600823B70 /* HuliPizzaSwiftUI.app */,
				522510FE2C6CE73800823B70 /* HuliPizzaSwiftUITests.xctest */,
				522511082C6CE73800823B70 /* HuliPizzaSwiftUIUITests.xctest */,
			);
			name = Products;
			sourceTree = "<group>";
		};
		522510F02C6CE73600823B70 /* HuliPizzaSwiftUI */ = {
			isa = PBXGroup;
			children = (
				5218F3762C877796004F2BAF /* Models */,
				5218F3722C8741B9004F2BAF /* Ratings */,
				52C0BB6F2C8733E2004B17FD /* Orders */,
				52C0BB6E2C8733BC004B17FD /* Menu */,
				52C0BB6D2C8733A3004B17FD /* Header */,
				522510F12C6CE73600823B70 /* HuliPizzaSwiftUIApp.swift */,
				522510F32C6CE73600823B70 /* OrderListScreen.swift */,
				522510F52C6CE73800823B70 /* Assets.xcassets */,
				522510F72C6CE73800823B70 /* Preview Content */,
			);
			path = HuliPizzaSwiftUI;
			sourceTree = "<group>";
		};
		522510F72C6CE73800823B70 /* Preview Content */ = {
			isa = PBXGroup;
			children = (
				522510F82C6CE73800823B70 /* Preview Assets.xcassets */,
			);
			path = "Preview Content";
			sourceTree = "<group>";
		};
		522511012C6CE73800823B70 /* HuliPizzaSwiftUITests */ = {
			isa = PBXGroup;
			children = (
				522511022C6CE73800823B70 /* HuliPizzaSwiftUITests.swift */,
			);
			path = HuliPizzaSwiftUITests;
			sourceTree = "<group>";
		};
		5225110B2C6CE73800823B70 /* HuliPizzaSwiftUIUITests */ = {
			isa = PBXGroup;
			children = (
				5225110C2C6CE73800823B70 /* HuliPizzaSwiftUIUITests.swift */,
				5225110E2C6CE73800823B70 /* HuliPizzaSwiftUIUITestsLaunchTests.swift */,
			);
			path = HuliPizzaSwiftUIUITests;
			sourceTree = "<group>";
		};
		52C0BB6D2C8733A3004B17FD /* Header */ = {
			isa = PBXGroup;
			children = (
				522511292C6D637400823B70 /* HeaderRowView.swift */,
				5225112B2C6D66F700823B70 /* HeaderView.swift */,
			);
			path = Header;
			sourceTree = "<group>";
		};
		52C0BB6E2C8733BC004B17FD /* Menu */ = {
			isa = PBXGroup;
			children = (
				522511212C6D62CA00823B70 /* MenuItemView.swift */,
				5225112F2C6D6B6500823B70 /* MenuView.swift */,
				522511252C6D632900823B70 /* MenuRowView.swift */,
			);
			path = Menu;
			sourceTree = "<group>";
		};
		52C0BB6F2C8733E2004B17FD /* Orders */ = {
			isa = PBXGroup;
			children = (
				5225112D2C6D694700823B70 /* OrderView.swift */,
				522511272C6D634100823B70 /* OrderRowView.swift */,
			);
			name = Orders;
			path = HuliPizzaSwiftUI/Orders;
			sourceTree = SOURCE_ROOT;
		};
/* End PBXGroup section */

/* Begin PBXNativeTarget section */
		522510ED2C6CE73600823B70 /* HuliPizzaSwiftUI */ = {
			isa = PBXNativeTarget;
			buildConfigurationList = 522511122C6CE73800823B70 /* Build configuration list for PBXNativeTarget "HuliPizzaSwiftUI" */;
			buildPhases = (
				522510EA2C6CE73600823B70 /* Sources */,
				522510EB2C6CE73600823B70 /* Frameworks */,
				522510EC2C6CE73600823B70 /* Resources */,
			);
			buildRules = (
			);
			dependencies = (
			);
			name = HuliPizzaSwiftUI;
			productName = HuliPizzaSwiftUI;
			productReference = 522510EE2C6CE73600823B70 /* HuliPizzaSwiftUI.app */;
			productType = "com.apple.product-type.application";
		};
		522510FD2C6CE73800823B70 /* HuliPizzaSwiftUITests */ = {
			isa = PBXNativeTarget;
			buildConfigurationList = 522511152C6CE73800823B70 /* Build configuration list for PBXNativeTarget "HuliPizzaSwiftUITests" */;
			buildPhases = (
				522510FA2C6CE73800823B70 /* Sources */,
				522510FB2C6CE73800823B70 /* Frameworks */,
				522510FC2C6CE73800823B70 /* Resources */,
			);
			buildRules = (
			);
			dependencies = (
				522511002C6CE73800823B70 /* PBXTargetDependency */,
			);
			name = HuliPizzaSwiftUITests;
			productName = HuliPizzaSwiftUITests;
			productReference = 522510FE2C6CE73800823B70 /* HuliPizzaSwiftUITests.xctest */;
			productType = "com.apple.product-type.bundle.unit-test";
		};
		522511072C6CE73800823B70 /* HuliPizzaSwiftUIUITests */ = {
			isa = PBXNativeTarget;
			buildConfigurationList = 522511182C6CE73800823B70 /* Build configuration list for PBXNativeTarget "HuliPizzaSwiftUIUITests" */;
			buildPhases = (
				522511042C6CE73800823B70 /* Sources */,
				522511052C6CE73800823B70 /* Frameworks */,
				522511062C6CE73800823B70 /* Resources */,
			);
			buildRules = (
			);
			dependencies = (
				5225110A2C6CE73800823B70 /* PBXTargetDependency */,
			);
			name = HuliPizzaSwiftUIUITests;
			productName = HuliPizzaSwiftUIUITests;
			productReference = 522511082C6CE73800823B70 /* HuliPizzaSwiftUIUITests.xctest */;
			productType = "com.apple.product-type.bundle.ui-testing";
		};
/* End PBXNativeTarget section */

/* Begin PBXProject section */
		522510E62C6CE73600823B70 /* Project object */ = {
			isa = PBXProject;
			attributes = {
				BuildIndependentTargetsInParallel = 1;
				LastSwiftUpdateCheck = 1540;
				LastUpgradeCheck = 1540;
				TargetAttributes = {
					522510ED2C6CE73600823B70 = {
						CreatedOnToolsVersion = 15.4;
					};
					522510FD2C6CE73800823B70 = {
						CreatedOnToolsVersion = 15.4;
						TestTargetID = 522510ED2C6CE73600823B70;
					};
					522511072C6CE73800823B70 = {
						CreatedOnToolsVersion = 15.4;
						TestTargetID = 522510ED2C6CE73600823B70;
					};
				};
			};
			buildConfigurationList = 522510E92C6CE73600823B70 /* Build configuration list for PBXProject "HuliPizzaSwiftUI" */;
			compatibilityVersion = "Xcode 14.0";
			developmentRegion = en;
			hasScannedForEncodings = 0;
			knownRegions = (
				en,
				Base,
			);
			mainGroup = 522510E52C6CE73600823B70;
			productRefGroup = 522510EF2C6CE73600823B70 /* Products */;
			projectDirPath = "";
			projectRoot = "";
			targets = (
				522510ED2C6CE73600823B70 /* HuliPizzaSwiftUI */,
				522510FD2C6CE73800823B70 /* HuliPizzaSwiftUITests */,
				522511072C6CE73800823B70 /* HuliPizzaSwiftUIUITests */,
			);
		};
/* End PBXProject section */

/* Begin PBXResourcesBuildPhase section */
		522510EC2C6CE73600823B70 /* Resources */ = {
			isa = PBXResourcesBuildPhase;
			buildActionMask = 2147483647;
			files = (
				5225111C2C6D2A3400823B70 /* README.md in Resources */,
				522510F92C6CE73800823B70 /* Preview Assets.xcassets in Resources */,
				522510F62C6CE73800823B70 /* Assets.xcassets in Resources */,
			);
			runOnlyForDeploymentPostprocessing = 0;
		};
		522510FC2C6CE73800823B70 /* Resources */ = {
			isa = PBXResourcesBuildPhase;
			buildActionMask = 2147483647;
			files = (
			);
			runOnlyForDeploymentPostprocessing = 0;
		};
		522511062C6CE73800823B70 /* Resources */ = {
			isa = PBXResourcesBuildPhase;
			buildActionMask = 2147483647;
			files = (
			);
			runOnlyForDeploymentPostprocessing = 0;
		};
/* End PBXResourcesBuildPhase section */

/* Begin PBXSourcesBuildPhase section */
		522510EA2C6CE73600823B70 /* Sources */ = {
			isa = PBXSourcesBuildPhase;
			buildActionMask = 2147483647;
			files = (
				522511282C6D634100823B70 /* OrderRowView.swift in Sources */,
				5225112E2C6D694700823B70 /* OrderView.swift in Sources */,
				522511222C6D62CA00823B70 /* MenuItemView.swift in Sources */,
				5218F37F2C8777A9004F2BAF /* OrderModel.swift in Sources */,
				522510F42C6CE73600823B70 /* OrderListScreen.swift in Sources */,
				522511302C6D6B6500823B70 /* MenuView.swift in Sources */,
				522511262C6D632900823B70 /* MenuRowView.swift in Sources */,
				522510F22C6CE73600823B70 /* HuliPizzaSwiftUIApp.swift in Sources */,
				5218F37B2C8777A9004F2BAF /* MenuModel.swift in Sources */,
				5218F3812C8777A9004F2BAF /* OrderItem.swift in Sources */,
				5218F3742C8741D8004F2BAF /* RatingsView.swift in Sources */,
				5218F37D2C8777A9004F2BAF /* MenuItem.swift in Sources */,
				5225112A2C6D637400823B70 /* HeaderRowView.swift in Sources */,
				5225112C2C6D66F700823B70 /* HeaderView.swift in Sources */,
			);
			runOnlyForDeploymentPostprocessing = 0;
		};
		522510FA2C6CE73800823B70 /* Sources */ = {
			isa = PBXSourcesBuildPhase;
			buildActionMask = 2147483647;
			files = (
				5218F3712C8735F9004F2BAF /* OrderListScreen.swift in Sources */,
				5218F36C2C8735E1004F2BAF /* MenuView.swift in Sources */,
				5218F3822C8777A9004F2BAF /* OrderItem.swift in Sources */,
				5218F36B2C8735DD004F2BAF /* MenuItemView.swift in Sources */,
				5218F3692C8735D5004F2BAF /* OrderRowView.swift in Sources */,
				5218F3702C8735F5004F2BAF /* HuliPizzaSwiftUIApp.swift in Sources */,
				522511032C6CE73800823B70 /* HuliPizzaSwiftUITests.swift in Sources */,
				5218F37E2C8777A9004F2BAF /* MenuItem.swift in Sources */,
				5218F36D2C8735E4004F2BAF /* MenuRowView.swift in Sources */,
				5218F3752C8741D8004F2BAF /* RatingsView.swift in Sources */,
				5218F37C2C8777A9004F2BAF /* MenuModel.swift in Sources */,
				5218F3802C8777A9004F2BAF /* OrderModel.swift in Sources */,
				52C0BB702C873576004B17FD /* OrderView.swift in Sources */,
				5218F36E2C8735EA004F2BAF /* HeaderRowView.swift in Sources */,
				5218F36F2C8735F2004F2BAF /* HeaderView.swift in Sources */,
			);
			runOnlyForDeploymentPostprocessing = 0;
		};
		522511042C6CE73800823B70 /* Sources */ = {
			isa = PBXSourcesBuildPhase;
			buildActionMask = 2147483647;
			files = (
				5225110D2C6CE73800823B70 /* HuliPizzaSwiftUIUITests.swift in Sources */,
				5225110F2C6CE73800823B70 /* HuliPizzaSwiftUIUITestsLaunchTests.swift in Sources */,
			);
			runOnlyForDeploymentPostprocessing = 0;
		};
/* End PBXSourcesBuildPhase section */

/* Begin PBXTargetDependency section */
		522511002C6CE73800823B70 /* PBXTargetDependency */ = {
			isa = PBXTargetDependency;
			target = 522510ED2C6CE73600823B70 /* HuliPizzaSwiftUI */;
			targetProxy = 522510FF2C6CE73800823B70 /* PBXContainerItemProxy */;
		};
		5225110A2C6CE73800823B70 /* PBXTargetDependency */ = {
			isa = PBXTargetDependency;
			target = 522510ED2C6CE73600823B70 /* HuliPizzaSwiftUI */;
			targetProxy = 522511092C6CE73800823B70 /* PBXContainerItemProxy */;
		};
/* End PBXTargetDependency section */

/* Begin XCBuildConfiguration section */
		522511102C6CE73800823B70 /* Debug */ = {
			isa = XCBuildConfiguration;
			buildSettings = {
				ALWAYS_SEARCH_USER_PATHS = NO;
				ASSETCATALOG_COMPILER_GENERATE_SWIFT_ASSET_SYMBOL_EXTENSIONS = YES;
				CLANG_ANALYZER_NONNULL = YES;
				CLANG_ANALYZER_NUMBER_OBJECT_CONVERSION = YES_AGGRESSIVE;
				CLANG_CXX_LANGUAGE_STANDARD = "gnu++20";
				CLANG_ENABLE_MODULES = YES;
				CLANG_ENABLE_OBJC_ARC = YES;
				CLANG_ENABLE_OBJC_WEAK = YES;
				CLANG_WARN_BLOCK_CAPTURE_AUTORELEASING = YES;
				CLANG_WARN_BOOL_CONVERSION = YES;
				CLANG_WARN_COMMA = YES;
				CLANG_WARN_CONSTANT_CONVERSION = YES;
				CLANG_WARN_DEPRECATED_OBJC_IMPLEMENTATIONS = YES;
				CLANG_WARN_DIRECT_OBJC_ISA_USAGE = YES_ERROR;
				CLANG_WARN_DOCUMENTATION_COMMENTS = YES;
				CLANG_WARN_EMPTY_BODY = YES;
				CLANG_WARN_ENUM_CONVERSION = YES;
				CLANG_WARN_INFINITE_RECURSION = YES;
				CLANG_WARN_INT_CONVERSION = YES;
				CLANG_WARN_NON_LITERAL_NULL_CONVERSION = YES;
				CLANG_WARN_OBJC_IMPLICIT_RETAIN_SELF = YES;
				CLANG_WARN_OBJC_LITERAL_CONVERSION = YES;
				CLANG_WARN_OBJC_ROOT_CLASS = YES_ERROR;
				CLANG_WARN_QUOTED_INCLUDE_IN_FRAMEWORK_HEADER = YES;
				CLANG_WARN_RANGE_LOOP_ANALYSIS = YES;
				CLANG_WARN_STRICT_PROTOTYPES = YES;
				CLANG_WARN_SUSPICIOUS_MOVE = YES;
				CLANG_WARN_UNGUARDED_AVAILABILITY = YES_AGGRESSIVE;
				CLANG_WARN_UNREACHABLE_CODE = YES;
				CLANG_WARN__DUPLICATE_METHOD_MATCH = YES;
				COPY_PHASE_STRIP = NO;
				DEBUG_INFORMATION_FORMAT = dwarf;
				ENABLE_STRICT_OBJC_MSGSEND = YES;
				ENABLE_TESTABILITY = YES;
				ENABLE_USER_SCRIPT_SANDBOXING = YES;
				GCC_C_LANGUAGE_STANDARD = gnu17;
				GCC_DYNAMIC_NO_PIC = NO;
				GCC_NO_COMMON_BLOCKS = YES;
				GCC_OPTIMIZATION_LEVEL = 0;
				GCC_PREPROCESSOR_DEFINITIONS = (
					"DEBUG=1",
					"$(inherited)",
				);
				GCC_WARN_64_TO_32_BIT_CONVERSION = YES;
				GCC_WARN_ABOUT_RETURN_TYPE = YES_ERROR;
				GCC_WARN_UNDECLARED_SELECTOR = YES;
				GCC_WARN_UNINITIALIZED_AUTOS = YES_AGGRESSIVE;
				GCC_WARN_UNUSED_FUNCTION = YES;
				GCC_WARN_UNUSED_VARIABLE = YES;
				IPHONEOS_DEPLOYMENT_TARGET = 17.5;
				LOCALIZATION_PREFERS_STRING_CATALOGS = YES;
				MTL_ENABLE_DEBUG_INFO = INCLUDE_SOURCE;
				MTL_FAST_MATH = YES;
				ONLY_ACTIVE_ARCH = YES;
				SDKROOT = iphoneos;
				SWIFT_ACTIVE_COMPILATION_CONDITIONS = "DEBUG $(inherited)";
				SWIFT_OPTIMIZATION_LEVEL = "-Onone";
			};
			name = Debug;
		};
		522511112C6CE73800823B70 /* Release */ = {
			isa = XCBuildConfiguration;
			buildSettings = {
				ALWAYS_SEARCH_USER_PATHS = NO;
				ASSETCATALOG_COMPILER_GENERATE_SWIFT_ASSET_SYMBOL_EXTENSIONS = YES;
				CLANG_ANALYZER_NONNULL = YES;
				CLANG_ANALYZER_NUMBER_OBJECT_CONVERSION = YES_AGGRESSIVE;
				CLANG_CXX_LANGUAGE_STANDARD = "gnu++20";
				CLANG_ENABLE_MODULES = YES;
				CLANG_ENABLE_OBJC_ARC = YES;
				CLANG_ENABLE_OBJC_WEAK = YES;
				CLANG_WARN_BLOCK_CAPTURE_AUTORELEASING = YES;
				CLANG_WARN_BOOL_CONVERSION = YES;
				CLANG_WARN_COMMA = YES;
				CLANG_WARN_CONSTANT_CONVERSION = YES;
				CLANG_WARN_DEPRECATED_OBJC_IMPLEMENTATIONS = YES;
				CLANG_WARN_DIRECT_OBJC_ISA_USAGE = YES_ERROR;
				CLANG_WARN_DOCUMENTATION_COMMENTS = YES;
				CLANG_WARN_EMPTY_BODY = YES;
				CLANG_WARN_ENUM_CONVERSION = YES;
				CLANG_WARN_INFINITE_RECURSION = YES;
				CLANG_WARN_INT_CONVERSION = YES;
				CLANG_WARN_NON_LITERAL_NULL_CONVERSION = YES;
				CLANG_WARN_OBJC_IMPLICIT_RETAIN_SELF = YES;
				CLANG_WARN_OBJC_LITERAL_CONVERSION = YES;
				CLANG_WARN_OBJC_ROOT_CLASS = YES_ERROR;
				CLANG_WARN_QUOTED_INCLUDE_IN_FRAMEWORK_HEADER = YES;
				CLANG_WARN_RANGE_LOOP_ANALYSIS = YES;
				CLANG_WARN_STRICT_PROTOTYPES = YES;
				CLANG_WARN_SUSPICIOUS_MOVE = YES;
				CLANG_WARN_UNGUARDED_AVAILABILITY = YES_AGGRESSIVE;
				CLANG_WARN_UNREACHABLE_CODE = YES;
				CLANG_WARN__DUPLICATE_METHOD_MATCH = YES;
				COPY_PHASE_STRIP = NO;
				DEBUG_INFORMATION_FORMAT = "dwarf-with-dsym";
				ENABLE_NS_ASSERTIONS = NO;
				ENABLE_STRICT_OBJC_MSGSEND = YES;
				ENABLE_USER_SCRIPT_SANDBOXING = YES;
				GCC_C_LANGUAGE_STANDARD = gnu17;
				GCC_NO_COMMON_BLOCKS = YES;
				GCC_WARN_64_TO_32_BIT_CONVERSION = YES;
				GCC_WARN_ABOUT_RETURN_TYPE = YES_ERROR;
				GCC_WARN_UNDECLARED_SELECTOR = YES;
				GCC_WARN_UNINITIALIZED_AUTOS = YES_AGGRESSIVE;
				GCC_WARN_UNUSED_FUNCTION = YES;
				GCC_WARN_UNUSED_VARIABLE = YES;
				IPHONEOS_DEPLOYMENT_TARGET = 17.5;
				LOCALIZATION_PREFERS_STRING_CATALOGS = YES;
				MTL_ENABLE_DEBUG_INFO = NO;
				MTL_FAST_MATH = YES;
				SDKROOT = iphoneos;
				SWIFT_COMPILATION_MODE = wholemodule;
				VALIDATE_PRODUCT = YES;
			};
			name = Release;
		};
		522511132C6CE73800823B70 /* Debug */ = {
			isa = XCBuildConfiguration;
			buildSettings = {
				ASSETCATALOG_COMPILER_APPICON_NAME = AppIcon;
				ASSETCATALOG_COMPILER_GLOBAL_ACCENT_COLOR_NAME = AccentColor;
				CODE_SIGN_STYLE = Automatic;
				CURRENT_PROJECT_VERSION = 1;
				DEVELOPMENT_ASSET_PATHS = "\"HuliPizzaSwiftUI/Preview Content\"";
				ENABLE_PREVIEWS = YES;
				GENERATE_INFOPLIST_FILE = YES;
				INFOPLIST_KEY_UIApplicationSceneManifest_Generation = YES;
				INFOPLIST_KEY_UIApplicationSupportsIndirectInputEvents = YES;
				INFOPLIST_KEY_UILaunchScreen_Generation = YES;
				INFOPLIST_KEY_UISupportedInterfaceOrientations_iPad = "UIInterfaceOrientationPortrait UIInterfaceOrientationPortraitUpsideDown UIInterfaceOrientationLandscapeLeft UIInterfaceOrientationLandscapeRight";
				INFOPLIST_KEY_UISupportedInterfaceOrientations_iPhone = "UIInterfaceOrientationPortrait UIInterfaceOrientationLandscapeLeft UIInterfaceOrientationLandscapeRight";
				LD_RUNPATH_SEARCH_PATHS = (
					"$(inherited)",
					"@executable_path/Frameworks",
				);
				MARKETING_VERSION = 1.0;
				PRODUCT_BUNDLE_IDENTIFIER = com.asithappens.HuliPizzaSwiftUI;
				PRODUCT_NAME = "$(TARGET_NAME)";
				SWIFT_EMIT_LOC_STRINGS = YES;
				SWIFT_VERSION = 5.0;
				TARGETED_DEVICE_FAMILY = "1,2";
			};
			name = Debug;
		};
		522511142C6CE73800823B70 /* Release */ = {
			isa = XCBuildConfiguration;
			buildSettings = {
				ASSETCATALOG_COMPILER_APPICON_NAME = AppIcon;
				ASSETCATALOG_COMPILER_GLOBAL_ACCENT_COLOR_NAME = AccentColor;
				CODE_SIGN_STYLE = Automatic;
				CURRENT_PROJECT_VERSION = 1;
				DEVELOPMENT_ASSET_PATHS = "\"HuliPizzaSwiftUI/Preview Content\"";
				ENABLE_PREVIEWS = YES;
				GENERATE_INFOPLIST_FILE = YES;
				INFOPLIST_KEY_UIApplicationSceneManifest_Generation = YES;
				INFOPLIST_KEY_UIApplicationSupportsIndirectInputEvents = YES;
				INFOPLIST_KEY_UILaunchScreen_Generation = YES;
				INFOPLIST_KEY_UISupportedInterfaceOrientations_iPad = "UIInterfaceOrientationPortrait UIInterfaceOrientationPortraitUpsideDown UIInterfaceOrientationLandscapeLeft UIInterfaceOrientationLandscapeRight";
				INFOPLIST_KEY_UISupportedInterfaceOrientations_iPhone = "UIInterfaceOrientationPortrait UIInterfaceOrientationLandscapeLeft UIInterfaceOrientationLandscapeRight";
				LD_RUNPATH_SEARCH_PATHS = (
					"$(inherited)",
					"@executable_path/Frameworks",
				);
				MARKETING_VERSION = 1.0;
				PRODUCT_BUNDLE_IDENTIFIER = com.asithappens.HuliPizzaSwiftUI;
				PRODUCT_NAME = "$(TARGET_NAME)";
				SWIFT_EMIT_LOC_STRINGS = YES;
				SWIFT_VERSION = 5.0;
				TARGETED_DEVICE_FAMILY = "1,2";
			};
			name = Release;
		};
		522511162C6CE73800823B70 /* Debug */ = {
			isa = XCBuildConfiguration;
			buildSettings = {
				ALWAYS_EMBED_SWIFT_STANDARD_LIBRARIES = YES;
				BUNDLE_LOADER = "$(TEST_HOST)";
				CODE_SIGN_STYLE = Automatic;
				CURRENT_PROJECT_VERSION = 1;
				GENERATE_INFOPLIST_FILE = YES;
				IPHONEOS_DEPLOYMENT_TARGET = 17.5;
				MARKETING_VERSION = 1.0;
				PRODUCT_BUNDLE_IDENTIFIER = com.asithappens.HuliPizzaSwiftUITests;
				PRODUCT_NAME = "$(TARGET_NAME)";
				SWIFT_EMIT_LOC_STRINGS = NO;
				SWIFT_VERSION = 5.0;
				TARGETED_DEVICE_FAMILY = "1,2";
				TEST_HOST = "$(BUILT_PRODUCTS_DIR)/HuliPizzaSwiftUI.app/$(BUNDLE_EXECUTABLE_FOLDER_PATH)/HuliPizzaSwiftUI";
			};
			name = Debug;
		};
		522511172C6CE73800823B70 /* Release */ = {
			isa = XCBuildConfiguration;
			buildSettings = {
				ALWAYS_EMBED_SWIFT_STANDARD_LIBRARIES = YES;
				BUNDLE_LOADER = "$(TEST_HOST)";
				CODE_SIGN_STYLE = Automatic;
				CURRENT_PROJECT_VERSION = 1;
				GENERATE_INFOPLIST_FILE = YES;
				IPHONEOS_DEPLOYMENT_TARGET = 17.5;
				MARKETING_VERSION = 1.0;
				PRODUCT_BUNDLE_IDENTIFIER = com.asithappens.HuliPizzaSwiftUITests;
				PRODUCT_NAME = "$(TARGET_NAME)";
				SWIFT_EMIT_LOC_STRINGS = NO;
				SWIFT_VERSION = 5.0;
				TARGETED_DEVICE_FAMILY = "1,2";
				TEST_HOST = "$(BUILT_PRODUCTS_DIR)/HuliPizzaSwiftUI.app/$(BUNDLE_EXECUTABLE_FOLDER_PATH)/HuliPizzaSwiftUI";
			};
			name = Release;
		};
		522511192C6CE73800823B70 /* Debug */ = {
			isa = XCBuildConfiguration;
			buildSettings = {
				ALWAYS_EMBED_SWIFT_STANDARD_LIBRARIES = YES;
				CODE_SIGN_STYLE = Automatic;
				CURRENT_PROJECT_VERSION = 1;
				GENERATE_INFOPLIST_FILE = YES;
				MARKETING_VERSION = 1.0;
				PRODUCT_BUNDLE_IDENTIFIER = com.asithappens.HuliPizzaSwiftUIUITests;
				PRODUCT_NAME = "$(TARGET_NAME)";
				SWIFT_EMIT_LOC_STRINGS = NO;
				SWIFT_VERSION = 5.0;
				TARGETED_DEVICE_FAMILY = "1,2";
				TEST_TARGET_NAME = HuliPizzaSwiftUI;
			};
			name = Debug;
		};
		5225111A2C6CE73800823B70 /* Release */ = {
			isa = XCBuildConfiguration;
			buildSettings = {
				ALWAYS_EMBED_SWIFT_STANDARD_LIBRARIES = YES;
				CODE_SIGN_STYLE = Automatic;
				CURRENT_PROJECT_VERSION = 1;
				GENERATE_INFOPLIST_FILE = YES;
				MARKETING_VERSION = 1.0;
				PRODUCT_BUNDLE_IDENTIFIER = com.asithappens.HuliPizzaSwiftUIUITests;
				PRODUCT_NAME = "$(TARGET_NAME)";
				SWIFT_EMIT_LOC_STRINGS = NO;
				SWIFT_VERSION = 5.0;
				TARGETED_DEVICE_FAMILY = "1,2";
				TEST_TARGET_NAME = HuliPizzaSwiftUI;
			};
			name = Release;
		};
/* End XCBuildConfiguration section */

/* Begin XCConfigurationList section */
		522510E92C6CE73600823B70 /* Build configuration list for PBXProject "HuliPizzaSwiftUI" */ = {
			isa = XCConfigurationList;
			buildConfigurations = (
				522511102C6CE73800823B70 /* Debug */,
				522511112C6CE73800823B70 /* Release */,
			);
			defaultConfigurationIsVisible = 0;
			defaultConfigurationName = Release;
		};
		522511122C6CE73800823B70 /* Build configuration list for PBXNativeTarget "HuliPizzaSwiftUI" */ = {
			isa = XCConfigurationList;
			buildConfigurations = (
				522511132C6CE73800823B70 /* Debug */,
				522511142C6CE73800823B70 /* Release */,
			);
			defaultConfigurationIsVisible = 0;
			defaultConfigurationName = Release;
		};
		522511152C6CE73800823B70 /* Build configuration list for PBXNativeTarget "HuliPizzaSwiftUITests" */ = {
			isa = XCConfigurationList;
			buildConfigurations = (
				522511162C6CE73800823B70 /* Debug */,
				522511172C6CE73800823B70 /* Release */,
			);
			defaultConfigurationIsVisible = 0;
			defaultConfigurationName = Release;
		};
		522511182C6CE73800823B70 /* Build configuration list for PBXNativeTarget "HuliPizzaSwiftUIUITests" */ = {
			isa = XCConfigurationList;
			buildConfigurations = (
				522511192C6CE73800823B70 /* Debug */,
				5225111A2C6CE73800823B70 /* Release */,
			);
			defaultConfigurationIsVisible = 0;
			defaultConfigurationName = Release;
		};
/* End XCConfigurationList section */
	};
	rootObject = 522510E62C6CE73600823B70 /* Project object */;
}
